
Microsoft Visual Studio Solution File, Format Version 12.00
# Visual Studio Version 17
VisualStudioVersion = 17.4.33205.214
MinimumVisualStudioVersion = 10.0.40219.1
Project("{FAE04EC0-301F-11D3-BF4B-00C04F79EFBC}") = "WindowsFormsApp1", "WindowsFormsApp1\WindowsFormsApp1.csproj", "{13C80F29-C363-41B1-A19F-6006A5B39CEA}"
EndProject
Global
	GlobalSection(SolutionConfigurationPlatforms) = preSolution
		Debug|Any CPU = Debug|Any CPU
		Release|Any CPU = Release|Any CPU
	EndGlobalSection
	GlobalSection(ProjectConfigurationPlatforms) = postSolution
		{13C80F29-C363-41B1-A19F-6006A5B39CEA}.Debug|Any CPU.ActiveCfg = Debug|Any CPU
		{13C80F29-C363-41B1-A19F-6006A5B39CEA}.Debug|Any CPU.Build.0 = Debug|Any CPU
		{13C80F29-C363-41B1-A19F-6006A5B39CEA}.Release|Any CPU.ActiveCfg = Release|Any CPU
		{13C80F29-C363-41B1-A19F-6006A5B39CEA}.Release|Any CPU.Build.0 = Release|Any CPU
	EndGlobalSection
	GlobalSection(SolutionProperties) = preSolution
		HideSolutionNode = FALSE
	EndGlobalSection
	GlobalSection(ExtensibilityGlobals) = postSolution
		SolutionGuid = {5641027D-47A3-4D2E-9CAB-D4C618E36325}
	EndGlobalSection
EndGlobal
